{
  "lockfileVersion": 1,
  "configVersion": 0,
  "workspaces": {
    "": {
      "name": "dashboard",
      "devDependencies": {
        "@eslint/compat": "^2.0.2",
        "@eslint/js": "^9.39.2",
        "@sveltejs/adapter-auto": "^7.0.0",
        "@sveltejs/kit": "^2.50.2",
        "@sveltejs/vite-plugin-svelte": "^6.2.4",
        "@tailwindcss/vite": "^4.1.18",
        "@types/node": "^22",
        "eslint": "^9.39.2",
        "eslint-config-prettier": "^10.1.8",
        "eslint-plugin-svelte": "^3.14.0",
        "globals": "^17.3.0",
        "prettier": "^3.8.1",
        "prettier-plugin-svelte": "^3.4.1",
        "prettier-plugin-tailwindcss": "^0.7.2",
        "svelte": "^5.51.0",
        "svelte-check": "^4.4.2",
        "tailwindcss": "^4.1.18",
        "typescript": "^5.9.3",
        "typescript-eslint": "^8.54.0",
        "vite": "^7.3.1",
      },
    },
  },
  "packages": {
    "@esbuild/aix-ppc64": ["@esbuild/aix-ppc64@0.27.4", "", { "os": "aix", "cpu": "ppc64" }, "sha512-cQPwL2mp2nSmHHJlCyoXgHGhbEPMrEEU5xhkcy3Hs/O7nGZqEpZ2sUtLaL9MORLtDfRvVl2/3PAuEkYZH0Ty8Q=="],

    "@esbuild/android-arm": ["@esbuild/android-arm@0.27.4", "", { "os": "android", "cpu": "arm" }, "sha512-X9bUgvxiC8CHAGKYufLIHGXPJWnr0OCdR0anD2e21vdvgCI8lIfqFbnoeOz7lBjdrAGUhqLZLcQo6MLhTO2DKQ=="],

    "@esbuild/android-arm64": ["@esbuild/android-arm64@0.27.4", "", { "os": "android", "cpu": "arm64" }, "sha512-gdLscB7v75wRfu7QSm/zg6Rx29VLdy9eTr2t44sfTW7CxwAtQghZ4ZnqHk3/ogz7xao0QAgrkradbBzcqFPasw=="],

    "@esbuild/android-x64": ["@esbuild/android-x64@0.27.4", "", { "os": "android", "cpu": "x64" }, "sha512-PzPFnBNVF292sfpfhiyiXCGSn9HZg5BcAz+ivBuSsl6Rk4ga1oEXAamhOXRFyMcjwr2DVtm40G65N3GLeH1Lvw=="],

    "@esbuild/darwin-arm64": ["@esbuild/darwin-arm64@0.27.4", "", { "os": "darwin", "cpu": "arm64" }, "sha512-b7xaGIwdJlht8ZFCvMkpDN6uiSmnxxK56N2GDTMYPr2/gzvfdQN8rTfBsvVKmIVY/X7EM+/hJKEIbbHs9oA4tQ=="],

    "@esbuild/darwin-x64": ["@esbuild/darwin-x64@0.27.4", "", { "os": "darwin", "cpu": "x64" }, "sha512-sR+OiKLwd15nmCdqpXMnuJ9W2kpy0KigzqScqHI3Hqwr7IXxBp3Yva+yJwoqh7rE8V77tdoheRYataNKL4QrPw=="],

    "@esbuild/freebsd-arm64": ["@esbuild/freebsd-arm64@0.27.4", "", { "os": "freebsd", "cpu": "arm64" }, "sha512-jnfpKe+p79tCnm4GVav68A7tUFeKQwQyLgESwEAUzyxk/TJr4QdGog9sqWNcUbr/bZt/O/HXouspuQDd9JxFSw=="],

    "@esbuild/freebsd-x64": ["@esbuild/freebsd-x64@0.27.4", "", { "os": "freebsd", "cpu": "x64" }, "sha512-2kb4ceA/CpfUrIcTUl1wrP/9ad9Atrp5J94Lq69w7UwOMolPIGrfLSvAKJp0RTvkPPyn6CIWrNy13kyLikZRZQ=="],

    "@esbuild/linux-arm": ["@esbuild/linux-arm@0.27.4", "", { "os": "linux", "cpu": "arm" }, "sha512-aBYgcIxX/wd5n2ys0yESGeYMGF+pv6g0DhZr3G1ZG4jMfruU9Tl1i2Z+Wnj9/KjGz1lTLCcorqE2viePZqj4Eg=="],

    "@esbuild/linux-arm64": ["@esbuild/linux-arm64@0.27.4", "", { "os": "linux", "cpu": "arm64" }, "sha512-7nQOttdzVGth1iz57kxg9uCz57dxQLHWxopL6mYuYthohPKEK0vU0C3O21CcBK6KDlkYVcnDXY099HcCDXd9dA=="],

    "@esbuild/linux-ia32": ["@esbuild/linux-ia32@0.27.4", "", { "os": "linux", "cpu": "ia32" }, "sha512-oPtixtAIzgvzYcKBQM/qZ3R+9TEUd1aNJQu0HhGyqtx6oS7qTpvjheIWBbes4+qu1bNlo2V4cbkISr8q6gRBFA=="],

    "@esbuild/linux-loong64": ["@esbuild/linux-loong64@0.27.4", "", { "os": "linux", "cpu": "none" }, "sha512-8mL/vh8qeCoRcFH2nM8wm5uJP+ZcVYGGayMavi8GmRJjuI3g1v6Z7Ni0JJKAJW+m0EtUuARb6Lmp4hMjzCBWzA=="],

    "@esbuild/linux-mips64el": ["@esbuild/linux-mips64el@0.27.4", "", { "os": "linux", "cpu": "none" }, "sha512-1RdrWFFiiLIW7LQq9Q2NES+HiD4NyT8Itj9AUeCl0IVCA459WnPhREKgwrpaIfTOe+/2rdntisegiPWn/r/aAw=="],

    "@esbuild/linux-ppc64": ["@esbuild/linux-ppc64@0.27.4", "", { "os": "linux", "cpu": "ppc64" }, "sha512-tLCwNG47l3sd9lpfyx9LAGEGItCUeRCWeAx6x2Jmbav65nAwoPXfewtAdtbtit/pJFLUWOhpv0FpS6GQAmPrHA=="],

    "@esbuild/linux-riscv64": ["@esbuild/linux-riscv64@0.27.4", "", { "os": "linux", "cpu": "none" }, "sha512-BnASypppbUWyqjd1KIpU4AUBiIhVr6YlHx/cnPgqEkNoVOhHg+YiSVxM1RLfiy4t9cAulbRGTNCKOcqHrEQLIw=="],

    "@esbuild/linux-s390x": ["@esbuild/linux-s390x@0.27.4", "", { "os": "linux", "cpu": "s390x" }, "sha512-+eUqgb/Z7vxVLezG8bVB9SfBie89gMueS+I0xYh2tJdw3vqA/0ImZJ2ROeWwVJN59ihBeZ7Tu92dF/5dy5FttA=="],

    "@esbuild/linux-x64": ["@esbuild/linux-x64@0.27.4", "", { "os": "linux", "cpu": "x64" }, ""],

    "@esbuild/netbsd-arm64": ["@esbuild/netbsd-arm64@0.27.4", "", { "os": "none", "cpu": "arm64" }, "sha512-xHT8X4sb0GS8qTqiwzHqpY00C95DPAq7nAwX35Ie/s+LO9830hrMd3oX0ZMKLvy7vsonee73x0lmcdOVXFzd6Q=="],

    "@esbuild/netbsd-x64": ["@esbuild/netbsd-x64@0.27.4", "", { "os": "none", "cpu": "x64" }, "sha512-RugOvOdXfdyi5Tyv40kgQnI0byv66BFgAqjdgtAKqHoZTbTF2QqfQrFwa7cHEORJf6X2ht+l9ABLMP0dnKYsgg=="],

    "@esbuild/openbsd-arm64": ["@esbuild/openbsd-arm64@0.27.4", "", { "os": "openbsd", "cpu": "arm64" }, "sha512-2MyL3IAaTX+1/qP0O1SwskwcwCoOI4kV2IBX1xYnDDqthmq5ArrW94qSIKCAuRraMgPOmG0RDTA74mzYNQA9ow=="],

    "@esbuild/openbsd-x64": ["@esbuild/openbsd-x64@0.27.4", "", { "os": "openbsd", "cpu": "x64" }, "sha512-u8fg/jQ5aQDfsnIV6+KwLOf1CmJnfu1ShpwqdwC0uA7ZPwFws55Ngc12vBdeUdnuWoQYx/SOQLGDcdlfXhYmXQ=="],

    "@esbuild/openharmony-arm64": ["@esbuild/openharmony-arm64@0.27.4", "", { "os": "none", "cpu": "arm64" }, "sha512-JkTZrl6VbyO8lDQO3yv26nNr2RM2yZzNrNHEsj9bm6dOwwu9OYN28CjzZkH57bh4w0I2F7IodpQvUAEd1mbWXg=="],

    "@esbuild/sunos-x64": ["@esbuild/sunos-x64@0.27.4", "", { "os": "sunos", "cpu": "x64" }, "sha512-/gOzgaewZJfeJTlsWhvUEmUG4tWEY2Spp5M20INYRg2ZKl9QPO3QEEgPeRtLjEWSW8FilRNacPOg8R1uaYkA6g=="],

    "@esbuild/win32-arm64": ["@esbuild/win32-arm64@0.27.4", "", { "os": "win32", "cpu": "arm64" }, "sha512-Z9SExBg2y32smoDQdf1HRwHRt6vAHLXcxD2uGgO/v2jK7Y718Ix4ndsbNMU/+1Qiem9OiOdaqitioZwxivhXYg=="],

    "@esbuild/win32-ia32": ["@esbuild/win32-ia32@0.27.4", "", { "os": "win32", "cpu": "ia32" }, "sha512-DAyGLS0Jz5G5iixEbMHi5KdiApqHBWMGzTtMiJ72ZOLhbu/bzxgAe8Ue8CTS3n3HbIUHQz/L51yMdGMeoxXNJw=="],

    "@esbuild/win32-x64": ["@esbuild/win32-x64@0.27.4", "", { "os": "win32", "cpu": "x64" }, "sha512-+knoa0BDoeXgkNvvV1vvbZX4+hizelrkwmGJBdT17t8FNPwG2lKemmuMZlmaNQ3ws3DKKCxpb4zRZEIp3UxFCg=="],

    "@eslint-community/eslint-utils": ["@eslint-community/eslint-utils@4.9.1", "", { "dependencies": { "eslint-visitor-keys": "^3.4.3" }, "peerDependencies": { "eslint": "^6.0.0 || ^7.0.0 || >=8.0.0" } }, ""],

    "@eslint-community/regexpp": ["@eslint-community/regexpp@4.12.2", "", {}, ""],

    "@eslint/compat": ["@eslint/compat@2.0.3", "", { "dependencies": { "@eslint/core": "^1.1.1" }, "peerDependencies": { "eslint": "^8.40 || 9 || 10" } }, ""],

    "@eslint/config-array": ["@eslint/config-array@0.21.2", "", { "dependencies": { "@eslint/object-schema": "^2.1.7", "debug": "^4.3.1", "minimatch": "^3.1.5" } }, ""],

    "@eslint/config-helpers": ["@eslint/config-helpers@0.4.2", "", { "dependencies": { "@eslint/core": "^0.17.0" } }, ""],

    "@eslint/core": ["@eslint/core@1.1.1", "", { "dependencies": { "@types/json-schema": "^7.0.15" } }, ""],

    "@eslint/eslintrc": ["@eslint/eslintrc@3.3.5", "", { "dependencies": { "ajv": "^6.14.0", "debug": "^4.3.2", "espree": "^10.0.1", "globals": "^14.0.0", "ignore": "^5.2.0", "import-fresh": "^3.2.1", "js-yaml": "^4.1.1", "minimatch": "^3.1.5", "strip-json-comments": "^3.1.1" } }, ""],

    "@eslint/js": ["@eslint/js@9.39.4", "", {}, ""],

    "@eslint/object-schema": ["@eslint/object-schema@2.1.7", "", {}, ""],

    "@eslint/plugin-kit": ["@eslint/plugin-kit@0.4.1", "", { "dependencies": { "@eslint/core": "^0.17.0", "levn": "^0.4.1" } }, ""],

    "@humanfs/core": ["@humanfs/core@0.19.1", "", {}, ""],

    "@humanfs/node": ["@humanfs/node@0.16.7", "", { "dependencies": { "@humanfs/core": "^0.19.1", "@humanwhocodes/retry": "^0.4.0" } }, ""],

    "@humanwhocodes/module-importer": ["@humanwhocodes/module-importer@1.0.1", "", {}, ""],

    "@humanwhocodes/retry": ["@humanwhocodes/retry@0.4.3", "", {}, ""],

    "@jridgewell/gen-mapping": ["@jridgewell/gen-mapping@0.3.13", "", { "dependencies": { "@jridgewell/sourcemap-codec": "^1.5.0", "@jridgewell/trace-mapping": "^0.3.24" } }, ""],

    "@jridgewell/remapping": ["@jridgewell/remapping@2.3.5", "", { "dependencies": { "@jridgewell/gen-mapping": "^0.3.5", "@jridgewell/trace-mapping": "^0.3.24" } }, ""],

    "@jridgewell/resolve-uri": ["@jridgewell/resolve-uri@3.1.2", "", {}, ""],

    "@jridgewell/sourcemap-codec": ["@jridgewell/sourcemap-codec@1.5.5", "", {}, ""],

    "@jridgewell/trace-mapping": ["@jridgewell/trace-mapping@0.3.31", "", { "dependencies": { "@jridgewell/resolve-uri": "^3.1.0", "@jridgewell/sourcemap-codec": "^1.4.14" } }, ""],

    "@polka/url": ["@polka/url@1.0.0-next.29", "", {}, ""],

    "@rollup/rollup-android-arm-eabi": ["@rollup/rollup-android-arm-eabi@4.59.1", "", { "os": "android", "cpu": "arm" }, "sha512-xB0b51TB7IfDEzAojXahmr+gfA00uYVInJGgNNkeQG6RPnCPGr7udsylFLTubuIUSRE6FkcI1NElyRt83PP5oQ=="],

    "@rollup/rollup-android-arm64": ["@rollup/rollup-android-arm64@4.59.1", "", { "os": "android", "cpu": "arm64" }, "sha512-XOjPId0qwSDKHaIsdzHJtKCxX0+nH8MhBwvrNsT7tVyKmdTx1jJ4XzN5RZXCdTzMpufLb+B8llTC0D8uCrLhcw=="],

    "@rollup/rollup-darwin-arm64": ["@rollup/rollup-darwin-arm64@4.59.1", "", { "os": "darwin", "cpu": "arm64" }, "sha512-vQuRd28p0gQpPrS6kppd8IrWmFo42U8Pz1XLRjSZXq5zCqyMDYFABT7/sywL11mO1EL10Qhh7MVPEwkG8GiBeg=="],

    "@rollup/rollup-darwin-x64": ["@rollup/rollup-darwin-x64@4.59.1", "", { "os": "darwin", "cpu": "x64" }, "sha512-x6VG6U29+Ivlnajrg1IHdzXeAwSoEHBFVO+CtC9Brugx6de712CUJobRUxsIA0KYrQvCmzNrMPFTT1A4CCqNTg=="],

    "@rollup/rollup-freebsd-arm64": ["@rollup/rollup-freebsd-arm64@4.59.1", "", { "os": "freebsd", "cpu": "arm64" }, "sha512-Sgi0Uo6t1YCHJMNO3Y8+bm+SvOanUGkoZKn/VJPwYUe2kp31X5KnXmzKd/NjW8iA3gFcfNZ64zh14uOGrIllCQ=="],

    "@rollup/rollup-freebsd-x64": ["@rollup/rollup-freebsd-x64@4.59.1", "", { "os": "freebsd", "cpu": "x64" }, "sha512-AM4xnwEZwukdhk7laMWfzWu9JGSVnJd+Fowt6Fd7QW1nrf3h0Hp7Qx5881M4aqrUlKBCybOxz0jofvIIfl7C5g=="],

    "@rollup/rollup-linux-arm-gnueabihf": ["@rollup/rollup-linux-arm-gnueabihf@4.59.1", "", { "os": "linux", "cpu": "arm" }, "sha512-KUizqxpwaR2AZdAUsMWfL/C94pUu7TKpoPd88c8yFVixJ+l9hejkrwoK5Zj3wiNh65UeyryKnJyxL1b7yNqFQA=="],

    "@rollup/rollup-linux-arm-musleabihf": ["@rollup/rollup-linux-arm-musleabihf@4.59.1", "", { "os": "linux", "cpu": "arm" }, "sha512-MZoQ/am77ckJtZGFAtPucgUuJWiop3m2R3lw7tC0QCcbfl4DRhQUBUkHWCkcrT3pqy5Mzv5QQgY6Dmlba6iTWg=="],

    "@rollup/rollup-linux-arm64-gnu": ["@rollup/rollup-linux-arm64-gnu@4.59.1", "", { "os": "linux", "cpu": "arm64" }, "sha512-Sez95TP6xGjkWB1608EfhCX1gdGrO5wzyN99VqzRtC17x/1bhw5VU1V0GfKUwbW/Xr1J8mSasoFoJa6Y7aGGSA=="],

    "@rollup/rollup-linux-arm64-musl": ["@rollup/rollup-linux-arm64-musl@4.59.1", "", { "os": "linux", "cpu": "arm64" }, "sha512-9Cs2Seq98LWNOJzR89EGTZoiP8EkZ9UbQhBlDgfAkM6asVna1xJ04W2CLYWDN/RpUgOjtQvcv8wQVi1t5oQazA=="],

    "@rollup/rollup-linux-loong64-gnu": ["@rollup/rollup-linux-loong64-gnu@4.59.1", "", { "os": "linux", "cpu": "none" }, "sha512-n9yqttftgFy7IrNEnHy1bOp6B4OSe8mJDiPkT7EqlM9FnKOwUMnCK62ixW0Kd9Clw0/wgvh8+SqaDXMFvw3KqQ=="],

    "@rollup/rollup-linux-loong64-musl": ["@rollup/rollup-linux-loong64-musl@4.59.1", "", { "os": "linux", "cpu": "none" }, "sha512-SfpNXDzVTqs/riak4xXcLpq5gIQWsqGWMhN1AGRQKB4qGSs4r0sEs3ervXPcE1O9RsQ5bm8Muz6zmQpQnPss1g=="],

    "@rollup/rollup-linux-ppc64-gnu": ["@rollup/rollup-linux-ppc64-gnu@4.59.1", "", { "os": "linux", "cpu": "ppc64" }, "sha512-LjaChED0wQnjKZU+tsmGbN+9nN1XhaWUkAlSbTdhpEseCS4a15f/Q8xC2BN4GDKRzhhLZpYtJBZr2NZhR0jvNw=="],

    "@rollup/rollup-linux-ppc64-musl": ["@rollup/rollup-linux-ppc64-musl@4.59.1", "", { "os": "linux", "cpu": "ppc64" }, "sha512-ojW7iTJSIs4pwB2xV6QXGwNyDctvXOivYllttuPbXguuKDX5vwpqYJsHc6D2LZzjDGHML414Tuj3LvVPe1CT1A=="],

    "@rollup/rollup-linux-riscv64-gnu": ["@rollup/rollup-linux-riscv64-gnu@4.59.1", "", { "os": "linux", "cpu": "none" }, "sha512-FP+Q6WTcxxvsr0wQczhSE+tOZvFPV8A/mUE6mhZYFW9/eea/y/XqAgRoLLMuE9Cz0hfX5bi7p116IWoB+P237A=="],

    "@rollup/rollup-linux-riscv64-musl": ["@rollup/rollup-linux-riscv64-musl@4.59.1", "", { "os": "linux", "cpu": "none" }, "sha512-L1uD9b/Ig8Z+rn1KttCJjwhN1FgjRMBKsPaBsDKkfUl7GfFq71pU4vWCnpOsGljycFEbkHWARZLf4lMYg3WOLw=="],

    "@rollup/rollup-linux-s390x-gnu": ["@rollup/rollup-linux-s390x-gnu@4.59.1", "", { "os": "linux", "cpu": "s390x" }, "sha512-EZc9NGTk/oSUzzOD4nYY4gIjteo2M3CiozX6t1IXGCOdgxJTlVu/7EdPeiqeHPSIrxkLhavqpBAUCfvC6vBOug=="],

    "@rollup/rollup-linux-x64-gnu": ["@rollup/rollup-linux-x64-gnu@4.59.1", "", { "os": "linux", "cpu": "x64" }, ""],

    "@rollup/rollup-linux-x64-musl": ["@rollup/rollup-linux-x64-musl@4.59.1", "", { "os": "linux", "cpu": "x64" }, ""],

    "@rollup/rollup-openbsd-x64": ["@rollup/rollup-openbsd-x64@4.59.1", "", { "os": "openbsd", "cpu": "x64" }, "sha512-1hjG9Jpl2KDOetr64iQd8AZAEjkDUUK5RbDkYWsViYLC1op1oNzdjMJeFiofcGhqbNTaY2kfgqowE7DILifsrA=="],

    "@rollup/rollup-openharmony-arm64": ["@rollup/rollup-openharmony-arm64@4.59.1", "", { "os": "none", "cpu": "arm64" }, "sha512-ARoKfflk0SiiYm3r1fmF73K/yB+PThmOwfWCk1sr7x/k9dc3uGLWuEE9if+Pw21el8MSpp3TMnG5vLNsJ/MMGQ=="],

    "@rollup/rollup-win32-arm64-msvc": ["@rollup/rollup-win32-arm64-msvc@4.59.1", "", { "os": "win32", "cpu": "arm64" }, "sha512-oOST61G6VM45Mz2vdzWMr1s2slI7y9LqxEV5fCoWi2MDONmMvgsJVHSXxce/I2xOSZPTZ47nDPOl1tkwKWSHcw=="],

    "@rollup/rollup-win32-ia32-msvc": ["@rollup/rollup-win32-ia32-msvc@4.59.1", "", { "os": "win32", "cpu": "ia32" }, "sha512-x5WgLi5dWpRz7WclKBGEF15LcWTh0ewrHM6Cq4A+WUbkysUMZNeqt05bwPonOQ3ihPS/WMhAZV5zB1DfnI4Sxg=="],

    "@rollup/rollup-win32-x64-gnu": ["@rollup/rollup-win32-x64-gnu@4.59.1", "", { "os": "win32", "cpu": "x64" }, "sha512-wS+zHAJRVP5zOL0e+a3V3E/NTEwM2HEvvNKoDy5Xcfs0o8lljxn+EAFPkUsxihBdmDq1JWzXmmB9cbssCPdxxw=="],

    "@rollup/rollup-win32-x64-msvc": ["@rollup/rollup-win32-x64-msvc@4.59.1", "", { "os": "win32", "cpu": "x64" }, "sha512-rhHyrMeLpErT/C7BxcEsU4COHQUzHyrPYW5tOZUeUhziNtRuYxmDWvqQqzpuUt8xpOgmbKa1btGXfnA/ANVO+g=="],

    "@standard-schema/spec": ["@standard-schema/spec@1.1.0", "", {}, ""],

    "@sveltejs/acorn-typescript": ["@sveltejs/acorn-typescript@1.0.9", "", { "peerDependencies": { "acorn": "^8.9.0" } }, ""],

    "@sveltejs/adapter-auto": ["@sveltejs/adapter-auto@7.0.1", "", { "peerDependencies": { "@sveltejs/kit": "^2.0.0" } }, ""],

    "@sveltejs/kit": ["@sveltejs/kit@2.55.0", "", { "dependencies": { "@standard-schema/spec": "^1.0.0", "@sveltejs/acorn-typescript": "^1.0.5", "@types/cookie": "^0.6.0", "acorn": "^8.14.1", "cookie": "^0.6.0", "devalue": "^5.6.4", "esm-env": "^1.2.2", "kleur": "^4.1.5", "magic-string": "^0.30.5", "mrmime": "^2.0.0", "set-cookie-parser": "^3.0.0", "sirv": "^3.0.0" }, "peerDependencies": { "@opentelemetry/api": "^1.0.0", "@sveltejs/vite-plugin-svelte": "^3.0.0 || ^4.0.0-next.1 || ^5.0.0 || ^6.0.0-next.0 || ^7.0.0", "svelte": "^4.0.0 || ^5.0.0-next.0", "typescript": "^5.3.3", "vite": "^5.0.3 || ^6.0.0 || ^7.0.0-beta.0 || ^8.0.0" }, "optionalPeers": ["@opentelemetry/api"], "bin": { "svelte-kit": "svelte-kit.js" } }, ""],

    "@sveltejs/vite-plugin-svelte": ["@sveltejs/vite-plugin-svelte@6.2.4", "", { "dependencies": { "@sveltejs/vite-plugin-svelte-inspector": "^5.0.0", "deepmerge": "^4.3.1", "magic-string": "^0.30.21", "obug": "^2.1.0", "vitefu": "^1.1.1" }, "peerDependencies": { "svelte": "^5.0.0", "vite": "^6.3.0 || ^7.0.0" } }, ""],

    "@sveltejs/vite-plugin-svelte-inspector": ["@sveltejs/vite-plugin-svelte-inspector@5.0.2", "", { "dependencies": { "obug": "^2.1.0" }, "peerDependencies": { "@sveltejs/vite-plugin-svelte": "^6.0.0-next.0", "svelte": "^5.0.0", "vite": "^6.3.0 || ^7.0.0" } }, ""],

    "@tailwindcss/node": ["@tailwindcss/node@4.2.2", "", { "dependencies": { "@jridgewell/remapping": "^2.3.5", "enhanced-resolve": "^5.19.0", "jiti": "^2.6.1", "lightningcss": "1.32.0", "magic-string": "^0.30.21", "source-map-js": "^1.2.1", "tailwindcss": "4.2.2" } }, ""],

    "@tailwindcss/oxide": ["@tailwindcss/oxide@4.2.2", "", { "optionalDependencies": { "@tailwindcss/oxide-android-arm64": "4.2.2", "@tailwindcss/oxide-darwin-arm64": "4.2.2", "@tailwindcss/oxide-darwin-x64": "4.2.2", "@tailwindcss/oxide-freebsd-x64": "4.2.2", "@tailwindcss/oxide-linux-arm-gnueabihf": "4.2.2", "@tailwindcss/oxide-linux-arm64-gnu": "4.2.2", "@tailwindcss/oxide-linux-arm64-musl": "4.2.2", "@tailwindcss/oxide-linux-x64-gnu": "4.2.2", "@tailwindcss/oxide-linux-x64-musl": "4.2.2", "@tailwindcss/oxide-wasm32-wasi": "4.2.2", "@tailwindcss/oxide-win32-arm64-msvc": "4.2.2", "@tailwindcss/oxide-win32-x64-msvc": "4.2.2" } }, ""],

    "@tailwindcss/oxide-android-arm64": ["@tailwindcss/oxide-android-arm64@4.2.2", "", { "os": "android", "cpu": "arm64" }, "sha512-dXGR1n+P3B6748jZO/SvHZq7qBOqqzQ+yFrXpoOWWALWndF9MoSKAT3Q0fYgAzYzGhxNYOoysRvYlpixRBBoDg=="],

    "@tailwindcss/oxide-darwin-arm64": ["@tailwindcss/oxide-darwin-arm64@4.2.2", "", { "os": "darwin", "cpu": "arm64" }, "sha512-iq9Qjr6knfMpZHj55/37ouZeykwbDqF21gPFtfnhCCKGDcPI/21FKC9XdMO/XyBM7qKORx6UIhGgg6jLl7BZlg=="],

    "@tailwindcss/oxide-darwin-x64": ["@tailwindcss/oxide-darwin-x64@4.2.2", "", { "os": "darwin", "cpu": "x64" }, "sha512-BlR+2c3nzc8f2G639LpL89YY4bdcIdUmiOOkv2GQv4/4M0vJlpXEa0JXNHhCHU7VWOKWT/CjqHdTP8aUuDJkuw=="],

    "@tailwindcss/oxide-freebsd-x64": ["@tailwindcss/oxide-freebsd-x64@4.2.2", "", { "os": "freebsd", "cpu": "x64" }, "sha512-YUqUgrGMSu2CDO82hzlQ5qSb5xmx3RUrke/QgnoEx7KvmRJHQuZHZmZTLSuuHwFf0DJPybFMXMYf+WJdxHy/nQ=="],

    "@tailwindcss/oxide-linux-arm-gnueabihf": ["@tailwindcss/oxide-linux-arm-gnueabihf@4.2.2", "", { "os": "linux", "cpu": "arm" }, "sha512-FPdhvsW6g06T9BWT0qTwiVZYE2WIFo2dY5aCSpjG/S/u1tby+wXoslXS0kl3/KXnULlLr1E3NPRRw0g7t2kgaQ=="],

    "@tailwindcss/oxide-linux-arm64-gnu": ["@tailwindcss/oxide-linux-arm64-gnu@4.2.2", "", { "os": "linux", "cpu": "arm64" }, "sha512-4og1V+ftEPXGttOO7eCmW7VICmzzJWgMx+QXAJRAhjrSjumCwWqMfkDrNu1LXEQzNAwz28NCUpucgQPrR4S2yw=="],

    "@tailwindcss/oxide-linux-arm64-musl": ["@tailwindcss/oxide-linux-arm64-musl@4.2.2", "", { "os": "linux", "cpu": "arm64" }, "sha512-oCfG/mS+/+XRlwNjnsNLVwnMWYH7tn/kYPsNPh+JSOMlnt93mYNCKHYzylRhI51X+TbR+ufNhhKKzm6QkqX8ag=="],

    "@tailwindcss/oxide-linux-x64-gnu": ["@tailwindcss/oxide-linux-x64-gnu@4.2.2", "", { "os": "linux", "cpu": "x64" }, ""],

    "@tailwindcss/oxide-linux-x64-musl": ["@tailwindcss/oxide-linux-x64-musl@4.2.2", "", { "os": "linux", "cpu": "x64" }, ""],

    "@tailwindcss/oxide-wasm32-wasi": ["@tailwindcss/oxide-wasm32-wasi@4.2.2", "", { "cpu": "none" }, "sha512-eKSztKsmEsn1O5lJ4ZAfyn41NfG7vzCg496YiGtMDV86jz1q/irhms5O0VrY6ZwTUkFy/EKG3RfWgxSI3VbZ8Q=="],

    "@tailwindcss/oxide-win32-arm64-msvc": ["@tailwindcss/oxide-win32-arm64-msvc@4.2.2", "", { "os": "win32", "cpu": "arm64" }, "sha512-qPmaQM4iKu5mxpsrWZMOZRgZv1tOZpUm+zdhhQP0VhJfyGGO3aUKdbh3gDZc/dPLQwW4eSqWGrrcWNBZWUWaXQ=="],

    "@tailwindcss/oxide-win32-x64-msvc": ["@tailwindcss/oxide-win32-x64-msvc@4.2.2", "", { "os": "win32", "cpu": "x64" }, "sha512-1T/37VvI7WyH66b+vqHj/cLwnCxt7Qt3WFu5Q8hk65aOvlwAhs7rAp1VkulBJw/N4tMirXjVnylTR72uI0HGcA=="],

    "@tailwindcss/vite": ["@tailwindcss/vite@4.2.2", "", { "dependencies": { "@tailwindcss/node": "4.2.2", "@tailwindcss/oxide": "4.2.2", "tailwindcss": "4.2.2" }, "peerDependencies": { "vite": "^5.2.0 || ^6 || ^7 || ^8" } }, ""],

    "@types/cookie": ["@types/cookie@0.6.0", "", {}, ""],

    "@types/estree": ["@types/estree@1.0.8", "", {}, ""],

    "@types/json-schema": ["@types/json-schema@7.0.15", "", {}, ""],

    "@types/node": ["@types/node@22.19.15", "", { "dependencies": { "undici-types": "~6.21.0" } }, ""],

    "@types/trusted-types": ["@types/trusted-types@2.0.7", "", {}, ""],

    "@typescript-eslint/eslint-plugin": ["@typescript-eslint/eslint-plugin@8.57.1", "", { "dependencies": { "@eslint-community/regexpp": "^4.12.2", "@typescript-eslint/scope-manager": "8.57.1", "@typescript-eslint/type-utils": "8.57.1", "@typescript-eslint/utils": "8.57.1", "@typescript-eslint/visitor-keys": "8.57.1", "ignore": "^7.0.5", "natural-compare": "^1.4.0", "ts-api-utils": "^2.4.0" }, "peerDependencies": { "@typescript-eslint/parser": "^8.57.1", "eslint": "^8.57.0 || ^9.0.0 || ^10.0.0", "typescript": ">=4.8.4 <6.0.0" } }, ""],

    "@typescript-eslint/parser": ["@typescript-eslint/parser@8.57.1", "", { "dependencies": { "@typescript-eslint/scope-manager": "8.57.1", "@typescript-eslint/types": "8.57.1", "@typescript-eslint/typescript-estree": "8.57.1", "@typescript-eslint/visitor-keys": "8.57.1", "debug": "^4.4.3" }, "peerDependencies": { "eslint": "^8.57.0 || ^9.0.0 || ^10.0.0", "typescript": ">=4.8.4 <6.0.0" } }, ""],

    "@typescript-eslint/project-service": ["@typescript-eslint/project-service@8.57.1", "", { "dependencies": { "@typescript-eslint/tsconfig-utils": "^8.57.1", "@typescript-eslint/types": "^8.57.1", "debug": "^4.4.3" }, "peerDependencies": { "typescript": ">=4.8.4 <6.0.0" } }, ""],

    "@typescript-eslint/scope-manager": ["@typescript-eslint/scope-manager@8.57.1", "", { "dependencies": { "@typescript-eslint/types": "8.57.1", "@typescript-eslint/visitor-keys": "8.57.1" } }, ""],

    "@typescript-eslint/tsconfig-utils": ["@typescript-eslint/tsconfig-utils@8.57.1", "", { "peerDependencies": { "typescript": ">=4.8.4 <6.0.0" } }, ""],

    "@typescript-eslint/type-utils": ["@typescript-eslint/type-utils@8.57.1", "", { "dependencies": { "@typescript-eslint/types": "8.57.1", "@typescript-eslint/typescript-estree": "8.57.1", "@typescript-eslint/utils": "8.57.1", "debug": "^4.4.3", "ts-api-utils": "^2.4.0" }, "peerDependencies": { "eslint": "^8.57.0 || ^9.0.0 || ^10.0.0", "typescript": ">=4.8.4 <6.0.0" } }, ""],

    "@typescript-eslint/types": ["@typescript-eslint/types@8.57.1", "", {}, ""],

    "@typescript-eslint/typescript-estree": ["@typescript-eslint/typescript-estree@8.57.1", "", { "dependencies": { "@typescript-eslint/project-service": "8.57.1", "@typescript-eslint/tsconfig-utils": "8.57.1", "@typescript-eslint/types": "8.57.1", "@typescript-eslint/visitor-keys": "8.57.1", "debug": "^4.4.3", "minimatch": "^10.2.2", "semver": "^7.7.3", "tinyglobby": "^0.2.15", "ts-api-utils": "^2.4.0" }, "peerDependencies": { "typescript": ">=4.8.4 <6.0.0" } }, ""],

    "@typescript-eslint/utils": ["@typescript-eslint/utils@8.57.1", "", { "dependencies": { "@eslint-community/eslint-utils": "^4.9.1", "@typescript-eslint/scope-manager": "8.57.1", "@typescript-eslint/types": "8.57.1", "@typescript-eslint/typescript-estree": "8.57.1" }, "peerDependencies": { "eslint": "^8.57.0 || ^9.0.0 || ^10.0.0", "typescript": ">=4.8.4 <6.0.0" } }, ""],

    "@typescript-eslint/visitor-keys": ["@typescript-eslint/visitor-keys@8.57.1", "", { "dependencies": { "@typescript-eslint/types": "8.57.1", "eslint-visitor-keys": "^5.0.0" } }, ""],

    "acorn": ["acorn@8.16.0", "", { "bin": "bin/acorn" }, ""],

    "acorn-jsx": ["acorn-jsx@5.3.2", "", { "peerDependencies": { "acorn": "^6.0.0 || ^7.0.0 || ^8.0.0" } }, ""],

    "ajv": ["ajv@6.14.0", "", { "dependencies": { "fast-deep-equal": "^3.1.1", "fast-json-stable-stringify": "^2.0.0", "json-schema-traverse": "^0.4.1", "uri-js": "^4.2.2" } }, ""],

    "ansi-styles": ["ansi-styles@4.3.0", "", { "dependencies": { "color-convert": "^2.0.1" } }, ""],

    "argparse": ["argparse@2.0.1", "", {}, ""],

    "aria-query": ["aria-query@5.3.1", "", {}, ""],

    "axobject-query": ["axobject-query@4.1.0", "", {}, ""],

    "balanced-match": ["balanced-match@1.0.2", "", {}, ""],

    "brace-expansion": ["brace-expansion@1.1.12", "", { "dependencies": { "balanced-match": "^1.0.0", "concat-map": "0.0.1" } }, ""],

    "callsites": ["callsites@3.1.0", "", {}, ""],

    "chalk": ["chalk@4.1.2", "", { "dependencies": { "ansi-styles": "^4.1.0", "supports-color": "^7.1.0" } }, ""],

    "chokidar": ["chokidar@4.0.3", "", { "dependencies": { "readdirp": "^4.0.1" } }, ""],

    "clsx": ["clsx@2.1.1", "", {}, ""],

    "color-convert": ["color-convert@2.0.1", "", { "dependencies": { "color-name": "~1.1.4" } }, ""],

    "color-name": ["color-name@1.1.4", "", {}, ""],

    "concat-map": ["concat-map@0.0.1", "", {}, ""],

    "cookie": ["cookie@0.6.0", "", {}, ""],

    "cross-spawn": ["cross-spawn@7.0.6", "", { "dependencies": { "path-key": "^3.1.0", "shebang-command": "^2.0.0", "which": "^2.0.1" } }, ""],

    "cssesc": ["cssesc@3.0.0", "", { "bin": "bin/cssesc" }, ""],

    "debug": ["debug@4.4.3", "", { "dependencies": { "ms": "^2.1.3" } }, ""],

    "deep-is": ["deep-is@0.1.4", "", {}, ""],

    "deepmerge": ["deepmerge@4.3.1", "", {}, ""],

    "detect-libc": ["detect-libc@2.1.2", "", {}, ""],

    "devalue": ["devalue@5.6.4", "", {}, ""],

    "enhanced-resolve": ["enhanced-resolve@5.20.1", "", { "dependencies": { "graceful-fs": "^4.2.4", "tapable": "^2.3.0" } }, ""],

    "esbuild": ["esbuild@0.27.4", "", { "optionalDependencies": { "@esbuild/aix-ppc64": "0.27.4", "@esbuild/android-arm": "0.27.4", "@esbuild/android-arm64": "0.27.4", "@esbuild/android-x64": "0.27.4", "@esbuild/darwin-arm64": "0.27.4", "@esbuild/darwin-x64": "0.27.4", "@esbuild/freebsd-arm64": "0.27.4", "@esbuild/freebsd-x64": "0.27.4", "@esbuild/linux-arm": "0.27.4", "@esbuild/linux-arm64": "0.27.4", "@esbuild/linux-ia32": "0.27.4", "@esbuild/linux-loong64": "0.27.4", "@esbuild/linux-mips64el": "0.27.4", "@esbuild/linux-ppc64": "0.27.4", "@esbuild/linux-riscv64": "0.27.4", "@esbuild/linux-s390x": "0.27.4", "@esbuild/linux-x64": "0.27.4", "@esbuild/netbsd-arm64": "0.27.4", "@esbuild/netbsd-x64": "0.27.4", "@esbuild/openbsd-arm64": "0.27.4", "@esbuild/openbsd-x64": "0.27.4", "@esbuild/openharmony-arm64": "0.27.4", "@esbuild/sunos-x64": "0.27.4", "@esbuild/win32-arm64": "0.27.4", "@esbuild/win32-ia32": "0.27.4", "@esbuild/win32-x64": "0.27.4" }, "bin": "bin/esbuild" }, ""],

    "escape-string-regexp": ["escape-string-regexp@4.0.0", "", {}, ""],

    "eslint": ["eslint@9.39.4", "", { "dependencies": { "@eslint-community/eslint-utils": "^4.8.0", "@eslint-community/regexpp": "^4.12.1", "@eslint/config-array": "^0.21.2", "@eslint/config-helpers": "^0.4.2", "@eslint/core": "^0.17.0", "@eslint/eslintrc": "^3.3.5", "@eslint/js": "9.39.4", "@eslint/plugin-kit": "^0.4.1", "@humanfs/node": "^0.16.6", "@humanwhocodes/module-importer": "^1.0.1", "@humanwhocodes/retry": "^0.4.2", "@types/estree": "^1.0.6", "ajv": "^6.14.0", "chalk": "^4.0.0", "cross-spawn": "^7.0.6", "debug": "^4.3.2", "escape-string-regexp": "^4.0.0", "eslint-scope": "^8.4.0", "eslint-visitor-keys": "^4.2.1", "espree": "^10.4.0", "esquery": "^1.5.0", "esutils": "^2.0.2", "fast-deep-equal": "^3.1.3", "file-entry-cache": "^8.0.0", "find-up": "^5.0.0", "glob-parent": "^6.0.2", "ignore": "^5.2.0", "imurmurhash": "^0.1.4", "is-glob": "^4.0.0", "json-stable-stringify-without-jsonify": "^1.0.1", "lodash.merge": "^4.6.2", "minimatch": "^3.1.5", "natural-compare": "^1.4.0", "optionator": "^0.9.3" }, "peerDependencies": { "jiti": "*" }, "bin": "bin/eslint.js" }, ""],

    "eslint-config-prettier": ["eslint-config-prettier@10.1.8", "", { "peerDependencies": { "eslint": ">=7.0.0" }, "bin": "bin/cli.js" }, ""],

    "eslint-plugin-svelte": ["eslint-plugin-svelte@3.16.0", "", { "dependencies": { "@eslint-community/eslint-utils": "^4.6.1", "@jridgewell/sourcemap-codec": "^1.5.0", "esutils": "^2.0.3", "globals": "^16.0.0", "known-css-properties": "^0.37.0", "postcss": "^8.4.49", "postcss-load-config": "^3.1.4", "postcss-safe-parser": "^7.0.0", "semver": "^7.6.3", "svelte-eslint-parser": "^1.4.0" }, "peerDependencies": { "eslint": "^8.57.1 || ^9.0.0 || ^10.0.0", "svelte": "^3.37.0 || ^4.0.0 || ^5.0.0" } }, ""],

    "eslint-scope": ["eslint-scope@8.4.0", "", { "dependencies": { "esrecurse": "^4.3.0", "estraverse": "^5.2.0" } }, ""],

    "eslint-visitor-keys": ["eslint-visitor-keys@4.2.1", "", {}, ""],

    "esm-env": ["esm-env@1.2.2", "", {}, ""],

    "espree": ["espree@10.4.0", "", { "dependencies": { "acorn": "^8.15.0", "acorn-jsx": "^5.3.2", "eslint-visitor-keys": "^4.2.1" } }, ""],

    "esquery": ["esquery@1.7.0", "", { "dependencies": { "estraverse": "^5.1.0" } }, ""],

    "esrap": ["esrap@2.2.4", "", { "dependencies": { "@jridgewell/sourcemap-codec": "^1.4.15", "@typescript-eslint/types": "^8.2.0" } }, ""],

    "esrecurse": ["esrecurse@4.3.0", "", { "dependencies": { "estraverse": "^5.2.0" } }, ""],

    "estraverse": ["estraverse@5.3.0", "", {}, ""],

    "esutils": ["esutils@2.0.3", "", {}, ""],

    "fast-deep-equal": ["fast-deep-equal@3.1.3", "", {}, ""],

    "fast-json-stable-stringify": ["fast-json-stable-stringify@2.1.0", "", {}, ""],

    "fast-levenshtein": ["fast-levenshtein@2.0.6", "", {}, ""],

    "fdir": ["fdir@6.5.0", "", { "peerDependencies": { "picomatch": "^3 || ^4" } }, ""],

    "file-entry-cache": ["file-entry-cache@8.0.0", "", { "dependencies": { "flat-cache": "^4.0.0" } }, ""],

    "find-up": ["find-up@5.0.0", "", { "dependencies": { "locate-path": "^6.0.0", "path-exists": "^4.0.0" } }, ""],

    "flat-cache": ["flat-cache@4.0.1", "", { "dependencies": { "flatted": "^3.2.9", "keyv": "^4.5.4" } }, ""],

    "flatted": ["flatted@3.4.2", "", {}, ""],

    "fsevents": ["fsevents@2.3.3", "", { "os": "darwin" }, "sha512-5xoDfX+fL7faATnagmWPpbFtwh/R77WmMMqqHGS65C3vvB0YHrgF+B1YmZ3441tMj5n63k0212XNoJwzlhffQw=="],

    "glob-parent": ["glob-parent@6.0.2", "", { "dependencies": { "is-glob": "^4.0.3" } }, ""],

    "globals": ["globals@17.4.0", "", {}, ""],

    "graceful-fs": ["graceful-fs@4.2.11", "", {}, ""],

    "has-flag": ["has-flag@4.0.0", "", {}, ""],

    "ignore": ["ignore@5.3.2", "", {}, ""],

    "import-fresh": ["import-fresh@3.3.1", "", { "dependencies": { "parent-module": "^1.0.0", "resolve-from": "^4.0.0" } }, ""],

    "imurmurhash": ["imurmurhash@0.1.4", "", {}, ""],

    "is-extglob": ["is-extglob@2.1.1", "", {}, ""],

    "is-glob": ["is-glob@4.0.3", "", { "dependencies": { "is-extglob": "^2.1.1" } }, ""],

    "is-reference": ["is-reference@3.0.3", "", { "dependencies": { "@types/estree": "^1.0.6" } }, ""],

    "isexe": ["isexe@2.0.0", "", {}, ""],

    "jiti": ["jiti@2.6.1", "", { "bin": "lib/jiti-cli.mjs" }, ""],

    "js-yaml": ["js-yaml@4.1.1", "", { "dependencies": { "argparse": "^2.0.1" }, "bin": "bin/js-yaml.js" }, ""],

    "json-buffer": ["json-buffer@3.0.1", "", {}, ""],

    "json-schema-traverse": ["json-schema-traverse@0.4.1", "", {}, ""],

    "json-stable-stringify-without-jsonify": ["json-stable-stringify-without-jsonify@1.0.1", "", {}, ""],

    "keyv": ["keyv@4.5.4", "", { "dependencies": { "json-buffer": "3.0.1" } }, ""],

    "kleur": ["kleur@4.1.5", "", {}, ""],

    "known-css-properties": ["known-css-properties@0.37.0", "", {}, ""],

    "levn": ["levn@0.4.1", "", { "dependencies": { "prelude-ls": "^1.2.1", "type-check": "~0.4.0" } }, ""],

    "lightningcss": ["lightningcss@1.32.0", "", { "dependencies": { "detect-libc": "^2.0.3" }, "optionalDependencies": { "lightningcss-android-arm64": "1.32.0", "lightningcss-darwin-arm64": "1.32.0", "lightningcss-darwin-x64": "1.32.0", "lightningcss-freebsd-x64": "1.32.0", "lightningcss-linux-arm-gnueabihf": "1.32.0", "lightningcss-linux-arm64-gnu": "1.32.0", "lightningcss-linux-arm64-musl": "1.32.0", "lightningcss-linux-x64-gnu": "1.32.0", "lightningcss-linux-x64-musl": "1.32.0", "lightningcss-win32-arm64-msvc": "1.32.0", "lightningcss-win32-x64-msvc": "1.32.0" } }, ""],

    "lightningcss-android-arm64": ["lightningcss-android-arm64@1.32.0", "", { "os": "android", "cpu": "arm64" }, "sha512-YK7/ClTt4kAK0vo6w3X+Pnm0D2cf2vPHbhOXdoNti1Ga0al1P4TBZhwjATvjNwLEBCnKvjJc2jQgHXH0NEwlAg=="],

    "lightningcss-darwin-arm64": ["lightningcss-darwin-arm64@1.32.0", "", { "os": "darwin", "cpu": "arm64" }, "sha512-RzeG9Ju5bag2Bv1/lwlVJvBE3q6TtXskdZLLCyfg5pt+HLz9BqlICO7LZM7VHNTTn/5PRhHFBSjk5lc4cmscPQ=="],

    "lightningcss-darwin-x64": ["lightningcss-darwin-x64@1.32.0", "", { "os": "darwin", "cpu": "x64" }, "sha512-U+QsBp2m/s2wqpUYT/6wnlagdZbtZdndSmut/NJqlCcMLTWp5muCrID+K5UJ6jqD2BFshejCYXniPDbNh73V8w=="],

    "lightningcss-freebsd-x64": ["lightningcss-freebsd-x64@1.32.0", "", { "os": "freebsd", "cpu": "x64" }, "sha512-JCTigedEksZk3tHTTthnMdVfGf61Fky8Ji2E4YjUTEQX14xiy/lTzXnu1vwiZe3bYe0q+SpsSH/CTeDXK6WHig=="],

    "lightningcss-linux-arm-gnueabihf": ["lightningcss-linux-arm-gnueabihf@1.32.0", "", { "os": "linux", "cpu": "arm" }, "sha512-x6rnnpRa2GL0zQOkt6rts3YDPzduLpWvwAF6EMhXFVZXD4tPrBkEFqzGowzCsIWsPjqSK+tyNEODUBXeeVHSkw=="],

    "lightningcss-linux-arm64-gnu": ["lightningcss-linux-arm64-gnu@1.32.0", "", { "os": "linux", "cpu": "arm64" }, "sha512-0nnMyoyOLRJXfbMOilaSRcLH3Jw5z9HDNGfT/gwCPgaDjnx0i8w7vBzFLFR1f6CMLKF8gVbebmkUN3fa/kQJpQ=="],

    "lightningcss-linux-arm64-musl": ["lightningcss-linux-arm64-musl@1.32.0", "", { "os": "linux", "cpu": "arm64" }, "sha512-UpQkoenr4UJEzgVIYpI80lDFvRmPVg6oqboNHfoH4CQIfNA+HOrZ7Mo7KZP02dC6LjghPQJeBsvXhJod/wnIBg=="],

    "lightningcss-linux-x64-gnu": ["lightningcss-linux-x64-gnu@1.32.0", "", { "os": "linux", "cpu": "x64" }, ""],

    "lightningcss-linux-x64-musl": ["lightningcss-linux-x64-musl@1.32.0", "", { "os": "linux", "cpu": "x64" }, ""],

    "lightningcss-win32-arm64-msvc": ["lightningcss-win32-arm64-msvc@1.32.0", "", { "os": "win32", "cpu": "arm64" }, "sha512-8SbC8BR40pS6baCM8sbtYDSwEVQd4JlFTOlaD3gWGHfThTcABnNDBda6eTZeqbofalIJhFx0qKzgHJmcPTnGdw=="],

    "lightningcss-win32-x64-msvc": ["lightningcss-win32-x64-msvc@1.32.0", "", { "os": "win32", "cpu": "x64" }, "sha512-Amq9B/SoZYdDi1kFrojnoqPLxYhQ4Wo5XiL8EVJrVsB8ARoC1PWW6VGtT0WKCemjy8aC+louJnjS7U18x3b06Q=="],

    "lilconfig": ["lilconfig@2.1.0", "", {}, ""],

    "locate-character": ["locate-character@3.0.0", "", {}, ""],

    "locate-path": ["locate-path@6.0.0", "", { "dependencies": { "p-locate": "^5.0.0" } }, ""],

    "lodash.merge": ["lodash.merge@4.6.2", "", {}, ""],

    "magic-string": ["magic-string@0.30.21", "", { "dependencies": { "@jridgewell/sourcemap-codec": "^1.5.5" } }, ""],

    "minimatch": ["minimatch@3.1.5", "", { "dependencies": { "brace-expansion": "^1.1.7" } }, ""],

    "mri": ["mri@1.2.0", "", {}, ""],

    "mrmime": ["mrmime@2.0.1", "", {}, ""],

    "ms": ["ms@2.1.3", "", {}, ""],

    "nanoid": ["nanoid@3.3.11", "", { "bin": "bin/nanoid.cjs" }, ""],

    "natural-compare": ["natural-compare@1.4.0", "", {}, ""],

    "obug": ["obug@2.1.1", "", {}, ""],

    "optionator": ["optionator@0.9.4", "", { "dependencies": { "deep-is": "^0.1.3", "fast-levenshtein": "^2.0.6", "levn": "^0.4.1", "prelude-ls": "^1.2.1", "type-check": "^0.4.0", "word-wrap": "^1.2.5" } }, ""],

    "p-limit": ["p-limit@3.1.0", "", { "dependencies": { "yocto-queue": "^0.1.0" } }, ""],

    "p-locate": ["p-locate@5.0.0", "", { "dependencies": { "p-limit": "^3.0.2" } }, ""],

    "parent-module": ["parent-module@1.0.1", "", { "dependencies": { "callsites": "^3.0.0" } }, ""],

    "path-exists": ["path-exists@4.0.0", "", {}, ""],

    "path-key": ["path-key@3.1.1", "", {}, ""],

    "picocolors": ["picocolors@1.1.1", "", {}, ""],

    "picomatch": ["picomatch@4.0.3", "", {}, ""],

    "postcss": ["postcss@8.5.8", "", { "dependencies": { "nanoid": "^3.3.11", "picocolors": "^1.1.1", "source-map-js": "^1.2.1" } }, ""],

    "postcss-load-config": ["postcss-load-config@3.1.4", "", { "dependencies": { "lilconfig": "^2.0.5", "yaml": "^1.10.2" }, "peerDependencies": { "postcss": ">=8.0.9", "ts-node": ">=9.0.0" }, "optionalPeers": ["ts-node"] }, ""],

    "postcss-safe-parser": ["postcss-safe-parser@7.0.1", "", { "peerDependencies": { "postcss": "^8.4.31" } }, ""],

    "postcss-scss": ["postcss-scss@4.0.9", "", { "peerDependencies": { "postcss": "^8.4.29" } }, ""],

    "postcss-selector-parser": ["postcss-selector-parser@7.1.1", "", { "dependencies": { "cssesc": "^3.0.0", "util-deprecate": "^1.0.2" } }, ""],

    "prelude-ls": ["prelude-ls@1.2.1", "", {}, ""],

    "prettier": ["prettier@3.8.1", "", { "bin": "bin/prettier.cjs" }, ""],

    "prettier-plugin-svelte": ["prettier-plugin-svelte@3.5.1", "", { "peerDependencies": { "prettier": "^3.0.0", "svelte": "^3.2.0 || ^4.0.0-next.0 || ^5.0.0-next.0" } }, ""],

    "prettier-plugin-tailwindcss": ["prettier-plugin-tailwindcss@0.7.2", "", { "peerDependencies": { "@ianvs/prettier-plugin-sort-imports": "*", "@prettier/plugin-hermes": "*", "@prettier/plugin-oxc": "*", "@prettier/plugin-pug": "*", "@shopify/prettier-plugin-liquid": "*", "@trivago/prettier-plugin-sort-imports": "*", "@zackad/prettier-plugin-twig": "*", "prettier": "^3.0", "prettier-plugin-astro": "*", "prettier-plugin-css-order": "*", "prettier-plugin-jsdoc": "*", "prettier-plugin-marko": "*", "prettier-plugin-multiline-arrays": "*", "prettier-plugin-organize-attributes": "*", "prettier-plugin-organize-imports": "*", "prettier-plugin-sort-imports": "*", "prettier-plugin-svelte": "*" }, "optionalPeers": ["@ianvs/prettier-plugin-sort-imports", "@prettier/plugin-hermes", "@prettier/plugin-oxc", "@prettier/plugin-pug", "@shopify/prettier-plugin-liquid", "@trivago/prettier-plugin-sort-imports", "@zackad/prettier-plugin-twig", "prettier-plugin-astro", "prettier-plugin-css-order", "prettier-plugin-jsdoc", "prettier-plugin-marko", "prettier-plugin-multiline-arrays", "prettier-plugin-organize-attributes", "prettier-plugin-organize-imports", "prettier-plugin-sort-imports"] }, ""],

    "punycode": ["punycode@2.3.1", "", {}, ""],

    "readdirp": ["readdirp@4.1.2", "", {}, ""],

    "resolve-from": ["resolve-from@4.0.0", "", {}, ""],

    "rollup": ["rollup@4.59.1", "", { "dependencies": { "@types/estree": "1.0.8" }, "optionalDependencies": { "@rollup/rollup-android-arm-eabi": "4.59.1", "@rollup/rollup-android-arm64": "4.59.1", "@rollup/rollup-darwin-arm64": "4.59.1", "@rollup/rollup-darwin-x64": "4.59.1", "@rollup/rollup-freebsd-arm64": "4.59.1", "@rollup/rollup-freebsd-x64": "4.59.1", "@rollup/rollup-linux-arm-gnueabihf": "4.59.1", "@rollup/rollup-linux-arm-musleabihf": "4.59.1", "@rollup/rollup-linux-arm64-gnu": "4.59.1", "@rollup/rollup-linux-arm64-musl": "4.59.1", "@rollup/rollup-linux-loong64-gnu": "4.59.1", "@rollup/rollup-linux-loong64-musl": "4.59.1", "@rollup/rollup-linux-ppc64-gnu": "4.59.1", "@rollup/rollup-linux-ppc64-musl": "4.59.1", "@rollup/rollup-linux-riscv64-gnu": "4.59.1", "@rollup/rollup-linux-riscv64-musl": "4.59.1", "@rollup/rollup-linux-s390x-gnu": "4.59.1", "@rollup/rollup-linux-x64-gnu": "4.59.1", "@rollup/rollup-linux-x64-musl": "4.59.1", "@rollup/rollup-openbsd-x64": "4.59.1", "@rollup/rollup-openharmony-arm64": "4.59.1", "@rollup/rollup-win32-arm64-msvc": "4.59.1", "@rollup/rollup-win32-ia32-msvc": "4.59.1", "@rollup/rollup-win32-x64-gnu": "4.59.1", "@rollup/rollup-win32-x64-msvc": "4.59.1", "fsevents": "~2.3.2" }, "bin": "dist/bin/rollup" }, ""],

    "sade": ["sade@1.8.1", "", { "dependencies": { "mri": "^1.1.0" } }, ""],

    "semver": ["semver@7.7.4", "", { "bin": "bin/semver.js" }, ""],

    "set-cookie-parser": ["set-cookie-parser@3.1.0", "", {}, ""],

    "shebang-command": ["shebang-command@2.0.0", "", { "dependencies": { "shebang-regex": "^3.0.0" } }, ""],

    "shebang-regex": ["shebang-regex@3.0.0", "", {}, ""],

    "sirv": ["sirv@3.0.2", "", { "dependencies": { "@polka/url": "^1.0.0-next.24", "mrmime": "^2.0.0", "totalist": "^3.0.0" } }, ""],

    "source-map-js": ["source-map-js@1.2.1", "", {}, ""],

    "strip-json-comments": ["strip-json-comments@3.1.1", "", {}, ""],

    "supports-color": ["supports-color@7.2.0", "", { "dependencies": { "has-flag": "^4.0.0" } }, ""],

    "svelte": ["svelte@5.54.1", "", { "dependencies": { "@jridgewell/remapping": "^2.3.4", "@jridgewell/sourcemap-codec": "^1.5.0", "@sveltejs/acorn-typescript": "^1.0.5", "@types/estree": "^1.0.5", "@types/trusted-types": "^2.0.7", "acorn": "^8.12.1", "aria-query": "5.3.1", "axobject-query": "^4.1.0", "clsx": "^2.1.1", "devalue": "^5.6.4", "esm-env": "^1.2.1", "esrap": "^2.2.2", "is-reference": "^3.0.3", "locate-character": "^3.0.0", "magic-string": "^0.30.11", "zimmerframe": "^1.1.2" } }, ""],

    "svelte-check": ["svelte-check@4.4.5", "", { "dependencies": { "@jridgewell/trace-mapping": "^0.3.25", "chokidar": "^4.0.1", "fdir": "^6.2.0", "picocolors": "^1.0.0", "sade": "^1.7.4" }, "peerDependencies": { "svelte": "^4.0.0 || ^5.0.0-next.0", "typescript": ">=5.0.0" }, "bin": "bin/svelte-check" }, ""],

    "svelte-eslint-parser": ["svelte-eslint-parser@1.6.0", "", { "dependencies": { "eslint-scope": "^8.2.0", "eslint-visitor-keys": "^4.0.0", "espree": "^10.0.0", "postcss": "^8.4.49", "postcss-scss": "^4.0.9", "postcss-selector-parser": "^7.0.0", "semver": "^7.7.2" }, "peerDependencies": { "svelte": "^3.37.0 || ^4.0.0 || ^5.0.0" } }, ""],

    "tailwindcss": ["tailwindcss@4.2.2", "", {}, ""],

    "tapable": ["tapable@2.3.0", "", {}, ""],

    "tinyglobby": ["tinyglobby@0.2.15", "", { "dependencies": { "fdir": "^6.5.0", "picomatch": "^4.0.3" } }, ""],

    "totalist": ["totalist@3.0.1", "", {}, ""],

    "ts-api-utils": ["ts-api-utils@2.5.0", "", { "peerDependencies": { "typescript": ">=4.8.4" } }, ""],

    "type-check": ["type-check@0.4.0", "", { "dependencies": { "prelude-ls": "^1.2.1" } }, ""],

    "typescript": ["typescript@5.9.3", "", { "bin": { "tsc": "bin/tsc", "tsserver": "bin/tsserver" } }, ""],

    "typescript-eslint": ["typescript-eslint@8.57.1", "", { "dependencies": { "@typescript-eslint/eslint-plugin": "8.57.1", "@typescript-eslint/parser": "8.57.1", "@typescript-eslint/typescript-estree": "8.57.1", "@typescript-eslint/utils": "8.57.1" }, "peerDependencies": { "eslint": "^8.57.0 || ^9.0.0 || ^10.0.0", "typescript": ">=4.8.4 <6.0.0" } }, ""],

    "undici-types": ["undici-types@6.21.0", "", {}, ""],

    "uri-js": ["uri-js@4.4.1", "", { "dependencies": { "punycode": "^2.1.0" } }, ""],

    "util-deprecate": ["util-deprecate@1.0.2", "", {}, ""],

    "vite": ["vite@7.3.1", "", { "dependencies": { "esbuild": "^0.27.0", "fdir": "^6.5.0", "picomatch": "^4.0.3", "postcss": "^8.5.6", "rollup": "^4.43.0", "tinyglobby": "^0.2.15" }, "optionalDependencies": { "fsevents": "~2.3.3" }, "peerDependencies": { "@types/node": "^20.19.0 || >=22.12.0", "jiti": ">=1.21.0", "less": "^4.0.0", "lightningcss": "^1.21.0", "sass": "^1.70.0", "sass-embedded": "^1.70.0", "stylus": ">=0.54.8", "sugarss": "^5.0.0", "terser": "^5.16.0", "tsx": "^4.8.1", "yaml": "^2.4.2" }, "optionalPeers": ["less", "sass", "sass-embedded", "stylus", "sugarss", "terser", "tsx", "yaml"], "bin": "bin/vite.js" }, ""],

    "vitefu": ["vitefu@1.1.2", "", { "peerDependencies": { "vite": "^3.0.0 || ^4.0.0 || ^5.0.0 || ^6.0.0 || ^7.0.0 || ^8.0.0-beta.0" } }, ""],

    "which": ["which@2.0.2", "", { "dependencies": { "isexe": "^2.0.0" }, "bin": { "node-which": "bin/node-which" } }, ""],

    "word-wrap": ["word-wrap@1.2.5", "", {}, ""],

    "yaml": ["yaml@1.10.3", "", {}, "sha512-vIYeF1u3CjlhAFekPPAk2h/Kv4T3mAkMox5OymRiJQB0spDP10LHvt+K7G9Ny6NuuMAb25/6n1qyUjAcGNf/AA=="],

    "yocto-queue": ["yocto-queue@0.1.0", "", {}, ""],

    "zimmerframe": ["zimmerframe@1.1.4", "", {}, ""],

    "@eslint-community/eslint-utils/eslint-visitor-keys": ["eslint-visitor-keys@3.4.3", "", {}, ""],

    "@eslint/config-helpers/@eslint/core": ["@eslint/core@0.17.0", "", { "dependencies": { "@types/json-schema": "^7.0.15" } }, ""],

    "@eslint/eslintrc/globals": ["globals@14.0.0", "", {}, ""],

    "@eslint/plugin-kit/@eslint/core": ["@eslint/core@0.17.0", "", { "dependencies": { "@types/json-schema": "^7.0.15" } }, ""],

    "@typescript-eslint/eslint-plugin/ignore": ["ignore@7.0.5", "", {}, ""],

    "@typescript-eslint/typescript-estree/minimatch": ["minimatch@10.2.4", "", { "dependencies": { "brace-expansion": "^5.0.2" } }, ""],

    "@typescript-eslint/visitor-keys/eslint-visitor-keys": ["eslint-visitor-keys@5.0.1", "", {}, ""],

    "eslint/@eslint/core": ["@eslint/core@0.17.0", "", { "dependencies": { "@types/json-schema": "^7.0.15" } }, ""],

    "eslint-plugin-svelte/globals": ["globals@16.5.0", "", {}, ""],

    "@typescript-eslint/typescript-estree/minimatch/brace-expansion": ["brace-expansion@5.0.4", "", { "dependencies": { "balanced-match": "^4.0.2" } }, ""],

    "@typescript-eslint/typescript-estree/minimatch/brace-expansion/balanced-match": ["balanced-match@4.0.4", "", {}, ""],
  }
}
